
Microsoft Visual Studio Solution File, Format Version 12.00
# Visual Studio Version 17
VisualStudioVersion = 17.1.32407.343
MinimumVisualStudioVersion = 10.0.40219.1
Project("{FAE04EC0-301F-11D3-BF4B-00C04F79EFBC}") = "FaceRecognitionApi", "FaceRecognitionApi\FaceRecognitionApi.csproj", "{2B299F79-B489-425F-8C36-F4E376BFB545}"
EndProject
Global
	GlobalSection(SolutionConfigurationPlatforms) = preSolution
		Debug|Any CPU = Debug|Any CPU
		Release|Any CPU = Release|Any CPU
	EndGlobalSection
	GlobalSection(ProjectConfigurationPlatforms) = postSolution
		{2B299F79-B489-425F-8C36-F4E376BFB545}.Debug|Any CPU.ActiveCfg = Debug|Any CPU
		{2B299F79-B489-425F-8C36-F4E376BFB545}.Debug|Any CPU.Build.0 = Debug|Any CPU
		{2B299F79-B489-425F-8C36-F4E376BFB545}.Release|Any CPU.ActiveCfg = Release|Any CPU
		{2B299F79-B489-425F-8C36-F4E376BFB545}.Release|Any CPU.Build.0 = Release|Any CPU
	EndGlobalSection
	GlobalSection(SolutionProperties) = preSolution
		HideSolutionNode = FALSE
	EndGlobalSection
	GlobalSection(ExtensibilityGlobals) = postSolution
		SolutionGuid = {1EC8FFA2-F21F-4794-856D-A4C48C3757F6}
	EndGlobalSection
EndGlobal
